
Microsoft Visual Studio Solution File, Format Version 12.00
# Visual Studio Version 17
VisualStudioVersion = 17.0.31903.59
MinimumVisualStudioVersion = 10.0.40219.1
Project("{2150E333-8FDC-42A3-9474-1A3956D46DE8}") = "src", "src", "{4F46823A-9F3A-4672-B253-1DE5DA182CB4}"
EndProject
Project("{FAE04EC0-301F-11D3-BF4B-00C04F79EFBC}") = "Domain", "src\Domain\Domain.csproj", "{B8E7346E-E4D5-414E-9EF0-2B5CE59E53E8}"
EndProject
Global
	GlobalSection(SolutionConfigurationPlatforms) = preSolution
		Debug|Any CPU = Debug|Any CPU
		Release|Any CPU = Release|Any CPU
	EndGlobalSection
	GlobalSection(SolutionProperties) = preSolution
		HideSolutionNode = FALSE
	EndGlobalSection
	GlobalSection(ProjectConfigurationPlatforms) = postSolution
		{B8E7346E-E4D5-414E-9EF0-2B5CE59E53E8}.Debug|Any CPU.ActiveCfg = Debug|Any CPU
		{B8E7346E-E4D5-414E-9EF0-2B5CE59E53E8}.Debug|Any CPU.Build.0 = Debug|Any CPU
		{B8E7346E-E4D5-414E-9EF0-2B5CE59E53E8}.Release|Any CPU.ActiveCfg = Release|Any CPU
		{B8E7346E-E4D5-414E-9EF0-2B5CE59E53E8}.Release|Any CPU.Build.0 = Release|Any CPU
	EndGlobalSection
	GlobalSection(NestedProjects) = preSolution
		{B8E7346E-E4D5-414E-9EF0-2B5CE59E53E8} = {4F46823A-9F3A-4672-B253-1DE5DA182CB4}
	EndGlobalSection
EndGlobal
